
Microsoft Visual Studio Solution File, Format Version 12.00
# Visual Studio Version 17
VisualStudioVersion = 17.0.31903.59
MinimumVisualStudioVersion = 10.0.40219.1
Project("{FAE04EC0-301F-11D3-BF4B-00C04F79EFBC}") = "SamSWAT.FireSupport.ArysReloaded", "SamSWAT.FireSupport.ArysReloaded.csproj", "{7090B555-280C-4839-A367-C874414EC11F}"
EndProject
Global
	GlobalSection(SolutionConfigurationPlatforms) = preSolution
		Debug|Any CPU = Debug|Any CPU
		Release|Any CPU = Release|Any CPU
		SPT-3.10 Release|Any CPU = SPT-3.10 Release|Any CPU
		SPT-3.11 Release|Any CPU = SPT-3.11 Release|Any CPU
	EndGlobalSection
	GlobalSection(ProjectConfigurationPlatforms) = postSolution
		{7090B555-280C-4839-A367-C874414EC11F}.Debug|Any CPU.ActiveCfg = Debug|Any CPU
		{7090B555-280C-4839-A367-C874414EC11F}.Debug|Any CPU.Build.0 = Debug|Any CPU
		{7090B555-280C-4839-A367-C874414EC11F}.Release|Any CPU.ActiveCfg = Release|Any CPU
		{7090B555-280C-4839-A367-C874414EC11F}.Release|Any CPU.Build.0 = Release|Any CPU
		{7090B555-280C-4839-A367-C874414EC11F}.SPT-3.10 Release|Any CPU.ActiveCfg = SPT-3.10 Release|Any CPU
		{7090B555-280C-4839-A367-C874414EC11F}.SPT-3.10 Release|Any CPU.Build.0 = SPT-3.10 Release|Any CPU
		{7090B555-280C-4839-A367-C874414EC11F}.SPT-3.11 Release|Any CPU.ActiveCfg = SPT-3.11 Release|Any CPU
		{7090B555-280C-4839-A367-C874414EC11F}.SPT-3.11 Release|Any CPU.Build.0 = SPT-3.11 Release|Any CPU
	EndGlobalSection
	GlobalSection(SolutionProperties) = preSolution
		HideSolutionNode = FALSE
	EndGlobalSection
EndGlobal
